// !$*UTF8*$!
{
	archiveVersion = 1;
	classes = {
	};
	objectVersion = 50;
	objects = {

/* Begin PBXBuildFile section */
		970BDA9D2449C15C009EF31B /* CPValueControl.swift in Sources */ = {isa = PBXBuildFile; fileRef = 970BDA9A2449C0CD009EF31B /* CPValueControl.swift */; };
		9711DBCC245303B200392E5D /* CPThumbLayer.swift in Sources */ = {isa = PBXBuildFile; fileRef = 9711DBCB245303B200392E5D /* CPThumbLayer.swift */; };
		97506C5D2448E40800D88309 /* Assets.xcassets in Resources */ = {isa = PBXBuildFile; fileRef = 97506C5C2448E40800D88309 /* Assets.xcassets */; };
		9758417E2452035800142A46 /* CPRangeSlider.swift in Sources */ = {isa = PBXBuildFile; fileRef = 9758417D2452035800142A46 /* CPRangeSlider.swift */; };
		975841802452046500142A46 /* CPRangeSliderTableViewCell.swift in Sources */ = {isa = PBXBuildFile; fileRef = 9758417F2452046500142A46 /* CPRangeSliderTableViewCell.swift */; };
		976CC82624599E7000014737 /* CPContainerViewController.swift in Sources */ = {isa = PBXBuildFile; fileRef = 976CC82524599E7000014737 /* CPContainerViewController.swift */; };
		976CC8292459A02B00014737 /* CPMenuViewController.swift in Sources */ = {isa = PBXBuildFile; fileRef = 976CC8282459A02B00014737 /* CPMenuViewController.swift */; };
		976CC82C2459A06400014737 /* ShowErrorAlert.swift in Sources */ = {isa = PBXBuildFile; fileRef = 976CC82B2459A06400014737 /* ShowErrorAlert.swift */; };
		976CC8452459B1FD00014737 /* CPSequenceTableViewCell.swift in Sources */ = {isa = PBXBuildFile; fileRef = 976CC8442459B1FD00014737 /* CPSequenceTableViewCell.swift */; };
		976CC8482459B33A00014737 /* GridResizingCell.swift in Sources */ = {isa = PBXBuildFile; fileRef = 976CC8472459B33A00014737 /* GridResizingCell.swift */; };
		976CC84A2459B34100014737 /* GridCollectionViewCell.swift in Sources */ = {isa = PBXBuildFile; fileRef = 976CC8492459B34100014737 /* GridCollectionViewCell.swift */; };
		976CC8672459B56E00014737 /* SliderCollectionViewCell.swift in Sources */ = {isa = PBXBuildFile; fileRef = 976CC8662459B56E00014737 /* SliderCollectionViewCell.swift */; };
		9791D878245333C0002C02DB /* CPValueControlTableViewCell.swift in Sources */ = {isa = PBXBuildFile; fileRef = 9791D877245333C0002C02DB /* CPValueControlTableViewCell.swift */; };
		9791D87A24533627002C02DB /* CPDualValueControlTableViewCell.swift in Sources */ = {isa = PBXBuildFile; fileRef = 9791D87924533627002C02DB /* CPDualValueControlTableViewCell.swift */; };
		979AB0CE24531B150089550E /* CPTrackLayer.swift in Sources */ = {isa = PBXBuildFile; fileRef = 979AB0CD24531B150089550E /* CPTrackLayer.swift */; };
		97A7C291246EE542009D0C81 /* CP3Music.framework in Frameworks */ = {isa = PBXBuildFile; fileRef = 97A7C290246EE542009D0C81 /* CP3Music.framework */; };
		97BD62932448BC320036FBD9 /* CP3_UI.h in Headers */ = {isa = PBXBuildFile; fileRef = 97BD62912448BC320036FBD9 /* CP3_UI.h */; settings = {ATTRIBUTES = (Public, ); }; };
		97BD629C2448BCBF0036FBD9 /* CPSelectionViewController.swift in Sources */ = {isa = PBXBuildFile; fileRef = 97BD629B2448BCBF0036FBD9 /* CPSelectionViewController.swift */; };
		97BD629E2448BD030036FBD9 /* CPItemCell.swift in Sources */ = {isa = PBXBuildFile; fileRef = 97BD629D2448BD030036FBD9 /* CPItemCell.swift */; };
		97BD62A02448BF1B0036FBD9 /* Color.swift in Sources */ = {isa = PBXBuildFile; fileRef = 97BD629F2448BF1B0036FBD9 /* Color.swift */; };
		97BD62A22448BF440036FBD9 /* CPAddItemCell.swift in Sources */ = {isa = PBXBuildFile; fileRef = 97BD62A12448BF440036FBD9 /* CPAddItemCell.swift */; };
		97BD62A42448BFDC0036FBD9 /* Font.swift in Sources */ = {isa = PBXBuildFile; fileRef = 97BD62A32448BFDC0036FBD9 /* Font.swift */; };
		97BD62A62448C08B0036FBD9 /* UIColor+dark.swift in Sources */ = {isa = PBXBuildFile; fileRef = 97BD62A52448C08B0036FBD9 /* UIColor+dark.swift */; };
		97C68C98246ECD3D004929EB /* CPBaseViewController.swift in Sources */ = {isa = PBXBuildFile; fileRef = 97C68C97246ECD3D004929EB /* CPBaseViewController.swift */; };
		97C68C9A246ED8D2004929EB /* CPTableViewItem.swift in Sources */ = {isa = PBXBuildFile; fileRef = 97C68C99246ED8D2004929EB /* CPTableViewItem.swift */; };
		97C68C9C246ED8F7004929EB /* CPMenuItem.swift in Sources */ = {isa = PBXBuildFile; fileRef = 97C68C9B246ED8F7004929EB /* CPMenuItem.swift */; };
		97F908412449997100FC2740 /* CPTableViewController.swift in Sources */ = {isa = PBXBuildFile; fileRef = 97F908402449997100FC2740 /* CPTableViewController.swift */; };
		97F908432449997800FC2740 /* CPTableViewCell.swift in Sources */ = {isa = PBXBuildFile; fileRef = 97F908422449997800FC2740 /* CPTableViewCell.swift */; };
		97F9084624499AE000FC2740 /* CPTextFieldTableViewCell.swift in Sources */ = {isa = PBXBuildFile; fileRef = 97F9084524499AE000FC2740 /* CPTextFieldTableViewCell.swift */; };
		97F908482449AE4400FC2740 /* CPSliderTableViewCell.swift in Sources */ = {isa = PBXBuildFile; fileRef = 97F908472449AE4400FC2740 /* CPSliderTableViewCell.swift */; };
		97F9084C2449AF1100FC2740 /* CPSwitchTableViewCell.swift in Sources */ = {isa = PBXBuildFile; fileRef = 97F9084B2449AF1100FC2740 /* CPSwitchTableViewCell.swift */; };
/* End PBXBuildFile section */

/* Begin PBXFileReference section */
		970BDA9A2449C0CD009EF31B /* CPValueControl.swift */ = {isa = PBXFileReference; lastKnownFileType = sourcecode.swift; path = CPValueControl.swift; sourceTree = "<group>"; };
		9711DBCB245303B200392E5D /* CPThumbLayer.swift */ = {isa = PBXFileReference; lastKnownFileType = sourcecode.swift; path = CPThumbLayer.swift; sourceTree = "<group>"; };
		97506C5C2448E40800D88309 /* Assets.xcassets */ = {isa = PBXFileReference; lastKnownFileType = folder.assetcatalog; name = Assets.xcassets; path = Resources/Assets.xcassets; sourceTree = "<group>"; };
		9758417D2452035800142A46 /* CPRangeSlider.swift */ = {isa = PBXFileReference; lastKnownFileType = sourcecode.swift; path = CPRangeSlider.swift; sourceTree = "<group>"; };
		9758417F2452046500142A46 /* CPRangeSliderTableViewCell.swift */ = {isa = PBXFileReference; lastKnownFileType = sourcecode.swift; path = CPRangeSliderTableViewCell.swift; sourceTree = "<group>"; };
		976CC82524599E7000014737 /* CPContainerViewController.swift */ = {isa = PBXFileReference; lastKnownFileType = sourcecode.swift; path = CPContainerViewController.swift; sourceTree = "<group>"; };
		976CC8282459A02B00014737 /* CPMenuViewController.swift */ = {isa = PBXFileReference; lastKnownFileType = sourcecode.swift; path = CPMenuViewController.swift; sourceTree = "<group>"; };
		976CC82B2459A06400014737 /* ShowErrorAlert.swift */ = {isa = PBXFileReference; lastKnownFileType = sourcecode.swift; path = ShowErrorAlert.swift; sourceTree = "<group>"; };
		976CC8442459B1FD00014737 /* CPSequenceTableViewCell.swift */ = {isa = PBXFileReference; lastKnownFileType = sourcecode.swift; path = CPSequenceTableViewCell.swift; sourceTree = "<group>"; };
		976CC8472459B33A00014737 /* GridResizingCell.swift */ = {isa = PBXFileReference; fileEncoding = 4; lastKnownFileType = sourcecode.swift; path = GridResizingCell.swift; sourceTree = "<group>"; };
		976CC8492459B34100014737 /* GridCollectionViewCell.swift */ = {isa = PBXFileReference; fileEncoding = 4; lastKnownFileType = sourcecode.swift; path = GridCollectionViewCell.swift; sourceTree = "<group>"; };
		976CC8662459B56E00014737 /* SliderCollectionViewCell.swift */ = {isa = PBXFileReference; fileEncoding = 4; lastKnownFileType = sourcecode.swift; path = SliderCollectionViewCell.swift; sourceTree = "<group>"; };
		9791D877245333C0002C02DB /* CPValueControlTableViewCell.swift */ = {isa = PBXFileReference; lastKnownFileType = sourcecode.swift; path = CPValueControlTableViewCell.swift; sourceTree = "<group>"; };
		9791D87924533627002C02DB /* CPDualValueControlTableViewCell.swift */ = {isa = PBXFileReference; lastKnownFileType = sourcecode.swift; path = CPDualValueControlTableViewCell.swift; sourceTree = "<group>"; };
		979AB0CD24531B150089550E /* CPTrackLayer.swift */ = {isa = PBXFileReference; lastKnownFileType = sourcecode.swift; path = CPTrackLayer.swift; sourceTree = "<group>"; };
		97A7C290246EE542009D0C81 /* CP3Music.framework */ = {isa = PBXFileReference; explicitFileType = wrapper.framework; path = CP3Music.framework; sourceTree = BUILT_PRODUCTS_DIR; };
		97BD628E2448BC320036FBD9 /* CP3_UI.framework */ = {isa = PBXFileReference; explicitFileType = wrapper.framework; includeInIndex = 0; path = CP3_UI.framework; sourceTree = BUILT_PRODUCTS_DIR; };
		97BD62912448BC320036FBD9 /* CP3_UI.h */ = {isa = PBXFileReference; lastKnownFileType = sourcecode.c.h; path = CP3_UI.h; sourceTree = "<group>"; };
		97BD62922448BC320036FBD9 /* Info.plist */ = {isa = PBXFileReference; lastKnownFileType = text.plist.xml; path = Info.plist; sourceTree = "<group>"; };
		97BD629B2448BCBF0036FBD9 /* CPSelectionViewController.swift */ = {isa = PBXFileReference; lastKnownFileType = sourcecode.swift; path = CPSelectionViewController.swift; sourceTree = "<group>"; };
		97BD629D2448BD030036FBD9 /* CPItemCell.swift */ = {isa = PBXFileReference; lastKnownFileType = sourcecode.swift; path = CPItemCell.swift; sourceTree = "<group>"; };
		97BD629F2448BF1B0036FBD9 /* Color.swift */ = {isa = PBXFileReference; lastKnownFileType = sourcecode.swift; path = Color.swift; sourceTree = "<group>"; };
		97BD62A12448BF440036FBD9 /* CPAddItemCell.swift */ = {isa = PBXFileReference; lastKnownFileType = sourcecode.swift; path = CPAddItemCell.swift; sourceTree = "<group>"; };
		97BD62A32448BFDC0036FBD9 /* Font.swift */ = {isa = PBXFileReference; lastKnownFileType = sourcecode.swift; path = Font.swift; sourceTree = "<group>"; };
		97BD62A52448C08B0036FBD9 /* UIColor+dark.swift */ = {isa = PBXFileReference; lastKnownFileType = sourcecode.swift; path = "UIColor+dark.swift"; sourceTree = "<group>"; };
		97C68C97246ECD3D004929EB /* CPBaseViewController.swift */ = {isa = PBXFileReference; lastKnownFileType = sourcecode.swift; path = CPBaseViewController.swift; sourceTree = "<group>"; };
		97C68C99246ED8D2004929EB /* CPTableViewItem.swift */ = {isa = PBXFileReference; lastKnownFileType = sourcecode.swift; path = CPTableViewItem.swift; sourceTree = "<group>"; };
		97C68C9B246ED8F7004929EB /* CPMenuItem.swift */ = {isa = PBXFileReference; lastKnownFileType = sourcecode.swift; path = CPMenuItem.swift; sourceTree = "<group>"; };
		97F908402449997100FC2740 /* CPTableViewController.swift */ = {isa = PBXFileReference; fileEncoding = 4; lastKnownFileType = sourcecode.swift; path = CPTableViewController.swift; sourceTree = "<group>"; };
		97F908422449997800FC2740 /* CPTableViewCell.swift */ = {isa = PBXFileReference; lastKnownFileType = sourcecode.swift; path = CPTableViewCell.swift; sourceTree = "<group>"; };
		97F9084524499AE000FC2740 /* CPTextFieldTableViewCell.swift */ = {isa = PBXFileReference; lastKnownFileType = sourcecode.swift; path = CPTextFieldTableViewCell.swift; sourceTree = "<group>"; };
		97F908472449AE4400FC2740 /* CPSliderTableViewCell.swift */ = {isa = PBXFileReference; lastKnownFileType = sourcecode.swift; path = CPSliderTableViewCell.swift; sourceTree = "<group>"; };
		97F9084B2449AF1100FC2740 /* CPSwitchTableViewCell.swift */ = {isa = PBXFileReference; lastKnownFileType = sourcecode.swift; path = CPSwitchTableViewCell.swift; sourceTree = "<group>"; };
/* End PBXFileReference section */

/* Begin PBXFrameworksBuildPhase section */
		97BD628B2448BC320036FBD9 /* Frameworks */ = {
			isa = PBXFrameworksBuildPhase;
			buildActionMask = 2147483647;
			files = (
				97A7C291246EE542009D0C81 /* CP3Music.framework in Frameworks */,
			);
			runOnlyForDeploymentPostprocessing = 0;
		};
/* End PBXFrameworksBuildPhase section */

/* Begin PBXGroup section */
		970BDA992449C0CD009EF31B /* Components */ = {
			isa = PBXGroup;
			children = (
				970BDA9A2449C0CD009EF31B /* CPValueControl.swift */,
				9711DBCA245303A300392E5D /* Sliders */,
			);
			path = Components;
			sourceTree = "<group>";
		};
		9711DBCA245303A300392E5D /* Sliders */ = {
			isa = PBXGroup;
			children = (
				9711DBCB245303B200392E5D /* CPThumbLayer.swift */,
				979AB0CD24531B150089550E /* CPTrackLayer.swift */,
				9758417D2452035800142A46 /* CPRangeSlider.swift */,
			);
			path = Sliders;
			sourceTree = "<group>";
		};
		976CC82724599E9000014737 /* CPContainerViewController */ = {
			isa = PBXGroup;
			children = (
				976CC82524599E7000014737 /* CPContainerViewController.swift */,
			);
			path = CPContainerViewController;
			sourceTree = "<group>";
		};
		976CC82A2459A02D00014737 /* CPMenuViewController */ = {
			isa = PBXGroup;
			children = (
				97C68C9B246ED8F7004929EB /* CPMenuItem.swift */,
				976CC8282459A02B00014737 /* CPMenuViewController.swift */,
			);
			path = CPMenuViewController;
			sourceTree = "<group>";
		};
		976CC82D2459A06700014737 /* Protocols */ = {
			isa = PBXGroup;
			children = (
				976CC82B2459A06400014737 /* ShowErrorAlert.swift */,
				97C68C99246ED8D2004929EB /* CPTableViewItem.swift */,
			);
			path = Protocols;
			sourceTree = "<group>";
		};
		976CC8462459B30900014737 /* CPSequenceTableViewCell */ = {
			isa = PBXGroup;
			children = (
				976CC8442459B1FD00014737 /* CPSequenceTableViewCell.swift */,
				976CC8472459B33A00014737 /* GridResizingCell.swift */,
				976CC8492459B34100014737 /* GridCollectionViewCell.swift */,
				976CC8662459B56E00014737 /* SliderCollectionViewCell.swift */,
			);
			path = CPSequenceTableViewCell;
			sourceTree = "<group>";
		};
		97A7C28F246EE542009D0C81 /* Frameworks */ = {
			isa = PBXGroup;
			children = (
				97A7C290246EE542009D0C81 /* CP3Music.framework */,
			);
			name = Frameworks;
			sourceTree = "<group>";
		};
		97BD62842448BC320036FBD9 = {
			isa = PBXGroup;
			children = (
				97BD62902448BC320036FBD9 /* CP3_UI */,
				97BD628F2448BC320036FBD9 /* Products */,
				97A7C28F246EE542009D0C81 /* Frameworks */,
			);
			sourceTree = "<group>";
		};
		97BD628F2448BC320036FBD9 /* Products */ = {
			isa = PBXGroup;
			children = (
				97BD628E2448BC320036FBD9 /* CP3_UI.framework */,
			);
			name = Products;
			sourceTree = "<group>";
		};
		97BD62902448BC320036FBD9 /* CP3_UI */ = {
			isa = PBXGroup;
			children = (
				97BD62912448BC320036FBD9 /* CP3_UI.h */,
				97C68C97246ECD3D004929EB /* CPBaseViewController.swift */,
				976CC8462459B30900014737 /* CPSequenceTableViewCell */,
				976CC82D2459A06700014737 /* Protocols */,
				976CC82A2459A02D00014737 /* CPMenuViewController */,
				976CC82724599E9000014737 /* CPContainerViewController */,
				97F9083F2449995900FC2740 /* CPTableView */,
				97BD62A72448C1720036FBD9 /* SelectionView */,
				970BDA992449C0CD009EF31B /* Components */,
				97BD62A92448C1900036FBD9 /* Resources */,
				97BD62AA2448C1960036FBD9 /* Extensions */,
				97BD62922448BC320036FBD9 /* Info.plist */,
				97506C5C2448E40800D88309 /* Assets.xcassets */,
			);
			path = CP3_UI;
			sourceTree = "<group>";
		};
		97BD62A72448C1720036FBD9 /* SelectionView */ = {
			isa = PBXGroup;
			children = (
				97BD62A82448C1870036FBD9 /* Cells */,
				97BD629B2448BCBF0036FBD9 /* CPSelectionViewController.swift */,
			);
			path = SelectionView;
			sourceTree = "<group>";
		};
		97BD62A82448C1870036FBD9 /* Cells */ = {
			isa = PBXGroup;
			children = (
				97BD629D2448BD030036FBD9 /* CPItemCell.swift */,
				97BD62A12448BF440036FBD9 /* CPAddItemCell.swift */,
			);
			path = Cells;
			sourceTree = "<group>";
		};
		97BD62A92448C1900036FBD9 /* Resources */ = {
			isa = PBXGroup;
			children = (
				97BD629F2448BF1B0036FBD9 /* Color.swift */,
				97BD62A32448BFDC0036FBD9 /* Font.swift */,
			);
			path = Resources;
			sourceTree = "<group>";
		};
		97BD62AA2448C1960036FBD9 /* Extensions */ = {
			isa = PBXGroup;
			children = (
				97BD62A52448C08B0036FBD9 /* UIColor+dark.swift */,
			);
			path = Extensions;
			sourceTree = "<group>";
		};
		97F9083F2449995900FC2740 /* CPTableView */ = {
			isa = PBXGroup;
			children = (
				97F9084424499AD600FC2740 /* Cells */,
				97F908402449997100FC2740 /* CPTableViewController.swift */,
			);
			path = CPTableView;
			sourceTree = "<group>";
		};
		97F9084424499AD600FC2740 /* Cells */ = {
			isa = PBXGroup;
			children = (
				97F908422449997800FC2740 /* CPTableViewCell.swift */,
				97F9084524499AE000FC2740 /* CPTextFieldTableViewCell.swift */,
				97F908472449AE4400FC2740 /* CPSliderTableViewCell.swift */,
				9758417F2452046500142A46 /* CPRangeSliderTableViewCell.swift */,
				97F9084B2449AF1100FC2740 /* CPSwitchTableViewCell.swift */,
				9791D877245333C0002C02DB /* CPValueControlTableViewCell.swift */,
				9791D87924533627002C02DB /* CPDualValueControlTableViewCell.swift */,
			);
			path = Cells;
			sourceTree = "<group>";
		};
/* End PBXGroup section */

/* Begin PBXHeadersBuildPhase section */
		97BD62892448BC320036FBD9 /* Headers */ = {
			isa = PBXHeadersBuildPhase;
			buildActionMask = 2147483647;
			files = (
				97BD62932448BC320036FBD9 /* CP3_UI.h in Headers */,
			);
			runOnlyForDeploymentPostprocessing = 0;
		};
/* End PBXHeadersBuildPhase section */

/* Begin PBXNativeTarget section */
		97BD628D2448BC320036FBD9 /* CP3_UI */ = {
			isa = PBXNativeTarget;
			buildConfigurationList = 97BD62962448BC320036FBD9 /* Build configuration list for PBXNativeTarget "CP3_UI" */;
			buildPhases = (
				97BD62892448BC320036FBD9 /* Headers */,
				97BD628A2448BC320036FBD9 /* Sources */,
				97BD628B2448BC320036FBD9 /* Frameworks */,
				97BD628C2448BC320036FBD9 /* Resources */,
			);
			buildRules = (
			);
			dependencies = (
			);
			name = CP3_UI;
			productName = CP3_UI;
			productReference = 97BD628E2448BC320036FBD9 /* CP3_UI.framework */;
			productType = "com.apple.product-type.framework";
		};
/* End PBXNativeTarget section */

/* Begin PBXProject section */
		97BD62852448BC320036FBD9 /* Project object */ = {
			isa = PBXProject;
			attributes = {
				LastUpgradeCheck = 1120;
				ORGANIZATIONNAME = cp3.io;
				TargetAttributes = {
					97BD628D2448BC320036FBD9 = {
						CreatedOnToolsVersion = 11.2.1;
						LastSwiftMigration = 1120;
					};
				};
			};
			buildConfigurationList = 97BD62882448BC320036FBD9 /* Build configuration list for PBXProject "CP3_UI" */;
			compatibilityVersion = "Xcode 9.3";
			developmentRegion = en;
			hasScannedForEncodings = 0;
			knownRegions = (
				en,
				Base,
			);
			mainGroup = 97BD62842448BC320036FBD9;
			productRefGroup = 97BD628F2448BC320036FBD9 /* Products */;
			projectDirPath = "";
			projectRoot = "";
			targets = (
				97BD628D2448BC320036FBD9 /* CP3_UI */,
			);
		};
/* End PBXProject section */

/* Begin PBXResourcesBuildPhase section */
		97BD628C2448BC320036FBD9 /* Resources */ = {
			isa = PBXResourcesBuildPhase;
			buildActionMask = 2147483647;
			files = (
				97506C5D2448E40800D88309 /* Assets.xcassets in Resources */,
			);
			runOnlyForDeploymentPostprocessing = 0;
		};
/* End PBXResourcesBuildPhase section */

/* Begin PBXSourcesBuildPhase section */
		97BD628A2448BC320036FBD9 /* Sources */ = {
			isa = PBXSourcesBuildPhase;
			buildActionMask = 2147483647;
			files = (
				97F908412449997100FC2740 /* CPTableViewController.swift in Sources */,
				97BD62A22448BF440036FBD9 /* CPAddItemCell.swift in Sources */,
				979AB0CE24531B150089550E /* CPTrackLayer.swift in Sources */,
				976CC8452459B1FD00014737 /* CPSequenceTableViewCell.swift in Sources */,
				97BD629E2448BD030036FBD9 /* CPItemCell.swift in Sources */,
				976CC8672459B56E00014737 /* SliderCollectionViewCell.swift in Sources */,
				97F9084624499AE000FC2740 /* CPTextFieldTableViewCell.swift in Sources */,
				970BDA9D2449C15C009EF31B /* CPValueControl.swift in Sources */,
				9758417E2452035800142A46 /* CPRangeSlider.swift in Sources */,
				97BD62A42448BFDC0036FBD9 /* Font.swift in Sources */,
				97F908482449AE4400FC2740 /* CPSliderTableViewCell.swift in Sources */,
				97BD629C2448BCBF0036FBD9 /* CPSelectionViewController.swift in Sources */,
				97BD62A02448BF1B0036FBD9 /* Color.swift in Sources */,
				976CC84A2459B34100014737 /* GridCollectionViewCell.swift in Sources */,
				9711DBCC245303B200392E5D /* CPThumbLayer.swift in Sources */,
				976CC8292459A02B00014737 /* CPMenuViewController.swift in Sources */,
				976CC82C2459A06400014737 /* ShowErrorAlert.swift in Sources */,
				975841802452046500142A46 /* CPRangeSliderTableViewCell.swift in Sources */,
				97F9084C2449AF1100FC2740 /* CPSwitchTableViewCell.swift in Sources */,
				97F908432449997800FC2740 /* CPTableViewCell.swift in Sources */,
				97BD62A62448C08B0036FBD9 /* UIColor+dark.swift in Sources */,
				976CC82624599E7000014737 /* CPContainerViewController.swift in Sources */,
				97C68C98246ECD3D004929EB /* CPBaseViewController.swift in Sources */,
				9791D87A24533627002C02DB /* CPDualValueControlTableViewCell.swift in Sources */,
				976CC8482459B33A00014737 /* GridResizingCell.swift in Sources */,
				97C68C9A246ED8D2004929EB /* CPTableViewItem.swift in Sources */,
				97C68C9C246ED8F7004929EB /* CPMenuItem.swift in Sources */,
				9791D878245333C0002C02DB /* CPValueControlTableViewCell.swift in Sources */,
			);
			runOnlyForDeploymentPostprocessing = 0;
		};
/* End PBXSourcesBuildPhase section */

/* Begin XCBuildConfiguration section */
		97BD62942448BC320036FBD9 /* Debug */ = {
			isa = XCBuildConfiguration;
			buildSettings = {
				ALWAYS_SEARCH_USER_PATHS = NO;
				CLANG_ANALYZER_NONNULL = YES;
				CLANG_ANALYZER_NUMBER_OBJECT_CONVERSION = YES_AGGRESSIVE;
				CLANG_CXX_LANGUAGE_STANDARD = "gnu++14";
				CLANG_CXX_LIBRARY = "libc++";
				CLANG_ENABLE_MODULES = YES;
				CLANG_ENABLE_OBJC_ARC = YES;
				CLANG_ENABLE_OBJC_WEAK = YES;
				CLANG_WARN_BLOCK_CAPTURE_AUTORELEASING = YES;
				CLANG_WARN_BOOL_CONVERSION = YES;
				CLANG_WARN_COMMA = YES;
				CLANG_WARN_CONSTANT_CONVERSION = YES;
				CLANG_WARN_DEPRECATED_OBJC_IMPLEMENTATIONS = YES;
				CLANG_WARN_DIRECT_OBJC_ISA_USAGE = YES_ERROR;
				CLANG_WARN_DOCUMENTATION_COMMENTS = YES;
				CLANG_WARN_EMPTY_BODY = YES;
				CLANG_WARN_ENUM_CONVERSION = YES;
				CLANG_WARN_INFINITE_RECURSION = YES;
				CLANG_WARN_INT_CONVERSION = YES;
				CLANG_WARN_NON_LITERAL_NULL_CONVERSION = YES;
				CLANG_WARN_OBJC_IMPLICIT_RETAIN_SELF = YES;
				CLANG_WARN_OBJC_LITERAL_CONVERSION = YES;
				CLANG_WARN_OBJC_ROOT_CLASS = YES_ERROR;
				CLANG_WARN_RANGE_LOOP_ANALYSIS = YES;
				CLANG_WARN_STRICT_PROTOTYPES = YES;
				CLANG_WARN_SUSPICIOUS_MOVE = YES;
				CLANG_WARN_UNGUARDED_AVAILABILITY = YES_AGGRESSIVE;
				CLANG_WARN_UNREACHABLE_CODE = YES;
				CLANG_WARN__DUPLICATE_METHOD_MATCH = YES;
				COPY_PHASE_STRIP = NO;
				CURRENT_PROJECT_VERSION = 1;
				DEBUG_INFORMATION_FORMAT = dwarf;
				ENABLE_STRICT_OBJC_MSGSEND = YES;
				ENABLE_TESTABILITY = YES;
				GCC_C_LANGUAGE_STANDARD = gnu11;
				GCC_DYNAMIC_NO_PIC = NO;
				GCC_NO_COMMON_BLOCKS = YES;
				GCC_OPTIMIZATION_LEVEL = 0;
				GCC_PREPROCESSOR_DEFINITIONS = (
					"DEBUG=1",
					"$(inherited)",
				);
				GCC_WARN_64_TO_32_BIT_CONVERSION = YES;
				GCC_WARN_ABOUT_RETURN_TYPE = YES_ERROR;
				GCC_WARN_UNDECLARED_SELECTOR = YES;
				GCC_WARN_UNINITIALIZED_AUTOS = YES_AGGRESSIVE;
				GCC_WARN_UNUSED_FUNCTION = YES;
				GCC_WARN_UNUSED_VARIABLE = YES;
				IPHONEOS_DEPLOYMENT_TARGET = 11.0;
				MTL_ENABLE_DEBUG_INFO = INCLUDE_SOURCE;
				MTL_FAST_MATH = YES;
				ONLY_ACTIVE_ARCH = YES;
				SDKROOT = iphoneos;
				SWIFT_ACTIVE_COMPILATION_CONDITIONS = DEBUG;
				SWIFT_OPTIMIZATION_LEVEL = "-Onone";
				VERSIONING_SYSTEM = "apple-generic";
				VERSION_INFO_PREFIX = "";
			};
			name = Debug;
		};
		97BD62952448BC320036FBD9 /* Release */ = {
			isa = XCBuildConfiguration;
			buildSettings = {
				ALWAYS_SEARCH_USER_PATHS = NO;
				CLANG_ANALYZER_NONNULL = YES;
				CLANG_ANALYZER_NUMBER_OBJECT_CONVERSION = YES_AGGRESSIVE;
				CLANG_CXX_LANGUAGE_STANDARD = "gnu++14";
				CLANG_CXX_LIBRARY = "libc++";
				CLANG_ENABLE_MODULES = YES;
				CLANG_ENABLE_OBJC_ARC = YES;
				CLANG_ENABLE_OBJC_WEAK = YES;
				CLANG_WARN_BLOCK_CAPTURE_AUTORELEASING = YES;
				CLANG_WARN_BOOL_CONVERSION = YES;
				CLANG_WARN_COMMA = YES;
				CLANG_WARN_CONSTANT_CONVERSION = YES;
				CLANG_WARN_DEPRECATED_OBJC_IMPLEMENTATIONS = YES;
				CLANG_WARN_DIRECT_OBJC_ISA_USAGE = YES_ERROR;
				CLANG_WARN_DOCUMENTATION_COMMENTS = YES;
				CLANG_WARN_EMPTY_BODY = YES;
				CLANG_WARN_ENUM_CONVERSION = YES;
				CLANG_WARN_INFINITE_RECURSION = YES;
				CLANG_WARN_INT_CONVERSION = YES;
				CLANG_WARN_NON_LITERAL_NULL_CONVERSION = YES;
				CLANG_WARN_OBJC_IMPLICIT_RETAIN_SELF = YES;
				CLANG_WARN_OBJC_LITERAL_CONVERSION = YES;
				CLANG_WARN_OBJC_ROOT_CLASS = YES_ERROR;
				CLANG_WARN_RANGE_LOOP_ANALYSIS = YES;
				CLANG_WARN_STRICT_PROTOTYPES = YES;
				CLANG_WARN_SUSPICIOUS_MOVE = YES;
				CLANG_WARN_UNGUARDED_AVAILABILITY = YES_AGGRESSIVE;
				CLANG_WARN_UNREACHABLE_CODE = YES;
				CLANG_WARN__DUPLICATE_METHOD_MATCH = YES;
				COPY_PHASE_STRIP = NO;
				CURRENT_PROJECT_VERSION = 1;
				DEBUG_INFORMATION_FORMAT = "dwarf-with-dsym";
				ENABLE_NS_ASSERTIONS = NO;
				ENABLE_STRICT_OBJC_MSGSEND = YES;
				GCC_C_LANGUAGE_STANDARD = gnu11;
				GCC_NO_COMMON_BLOCKS = YES;
				GCC_WARN_64_TO_32_BIT_CONVERSION = YES;
				GCC_WARN_ABOUT_RETURN_TYPE = YES_ERROR;
				GCC_WARN_UNDECLARED_SELECTOR = YES;
				GCC_WARN_UNINITIALIZED_AUTOS = YES_AGGRESSIVE;
				GCC_WARN_UNUSED_FUNCTION = YES;
				GCC_WARN_UNUSED_VARIABLE = YES;
				IPHONEOS_DEPLOYMENT_TARGET = 11.0;
				MTL_ENABLE_DEBUG_INFO = NO;
				MTL_FAST_MATH = YES;
				SDKROOT = iphoneos;
				SWIFT_COMPILATION_MODE = wholemodule;
				SWIFT_OPTIMIZATION_LEVEL = "-O";
				VALIDATE_PRODUCT = YES;
				VERSIONING_SYSTEM = "apple-generic";
				VERSION_INFO_PREFIX = "";
			};
			name = Release;
		};
		97BD62972448BC320036FBD9 /* Debug */ = {
			isa = XCBuildConfiguration;
			buildSettings = {
				APPLICATION_EXTENSION_API_ONLY = YES;
				CLANG_ENABLE_MODULES = YES;
				CODE_SIGN_STYLE = Automatic;
				DEFINES_MODULE = YES;
				DEVELOPMENT_TEAM = 5GWBH83EBX;
				DYLIB_COMPATIBILITY_VERSION = 1;
				DYLIB_CURRENT_VERSION = 1;
				DYLIB_INSTALL_NAME_BASE = "@rpath";
				INFOPLIST_FILE = CP3_UI/Info.plist;
				INSTALL_PATH = "$(LOCAL_LIBRARY_DIR)/Frameworks";
				IPHONEOS_DEPLOYMENT_TARGET = 11.0;
				LD_RUNPATH_SEARCH_PATHS = (
					"$(inherited)",
					"@executable_path/Frameworks",
					"@loader_path/Frameworks",
				);
				PRODUCT_BUNDLE_IDENTIFIER = "io.cp3.CP3-UI";
				PRODUCT_NAME = "$(TARGET_NAME:c99extidentifier)";
				SKIP_INSTALL = YES;
				SUPPORTS_MACCATALYST = NO;
				SWIFT_OPTIMIZATION_LEVEL = "-Onone";
				SWIFT_VERSION = 5.0;
				TARGETED_DEVICE_FAMILY = "1,2";
			};
			name = Debug;
		};
		97BD62982448BC320036FBD9 /* Release */ = {
			isa = XCBuildConfiguration;
			buildSettings = {
				APPLICATION_EXTENSION_API_ONLY = YES;
				CLANG_ENABLE_MODULES = YES;
				CODE_SIGN_STYLE = Automatic;
				DEFINES_MODULE = YES;
				DEVELOPMENT_TEAM = 5GWBH83EBX;
				DYLIB_COMPATIBILITY_VERSION = 1;
				DYLIB_CURRENT_VERSION = 1;
				DYLIB_INSTALL_NAME_BASE = "@rpath";
				INFOPLIST_FILE = CP3_UI/Info.plist;
				INSTALL_PATH = "$(LOCAL_LIBRARY_DIR)/Frameworks";
				IPHONEOS_DEPLOYMENT_TARGET = 11.0;
				LD_RUNPATH_SEARCH_PATHS = (
					"$(inherited)",
					"@executable_path/Frameworks",
					"@loader_path/Frameworks",
				);
				PRODUCT_BUNDLE_IDENTIFIER = "io.cp3.CP3-UI";
				PRODUCT_NAME = "$(TARGET_NAME:c99extidentifier)";
				SKIP_INSTALL = YES;
				SUPPORTS_MACCATALYST = NO;
				SWIFT_VERSION = 5.0;
				TARGETED_DEVICE_FAMILY = "1,2";
			};
			name = Release;
		};
/* End XCBuildConfiguration section */

/* Begin XCConfigurationList section */
		97BD62882448BC320036FBD9 /* Build configuration list for PBXProject "CP3_UI" */ = {
			isa = XCConfigurationList;
			buildConfigurations = (
				97BD62942448BC320036FBD9 /* Debug */,
				97BD62952448BC320036FBD9 /* Release */,
			);
			defaultConfigurationIsVisible = 0;
			defaultConfigurationName = Release;
		};
		97BD62962448BC320036FBD9 /* Build configuration list for PBXNativeTarget "CP3_UI" */ = {
			isa = XCConfigurationList;
			buildConfigurations = (
				97BD62972448BC320036FBD9 /* Debug */,
				97BD62982448BC320036FBD9 /* Release */,
			);
			defaultConfigurationIsVisible = 0;
			defaultConfigurationName = Release;
		};
/* End XCConfigurationList section */
	};
	rootObject = 97BD62852448BC320036FBD9 /* Project object */;
}
